
Microsoft Visual Studio Solution File, Format Version 12.00
# Visual Studio Version 16
VisualStudioVersion = 16.0.30907.101
MinimumVisualStudioVersion = 10.0.40219.1
Project("{8BC9CEB8-8B4A-11D0-8D11-00A0C91BC942}") = "Game", "Game.vcxproj", "{5C89CBD4-E1E2-4EE9-9F5A-C6615168B91B}"
EndProject
Global
	GlobalSection(SolutionConfigurationPlatforms) = preSolution
		Debug|x64 = Debug|x64
		Debug|x86 = Debug|x86
		Release|x64 = Release|x64
		Release|x86 = Release|x86
	EndGlobalSection
	GlobalSection(ProjectConfigurationPlatforms) = postSolution
		{5C89CBD4-E1E2-4EE9-9F5A-C6615168B91B}.Debug|x64.ActiveCfg = Debug|x64
		{5C89CBD4-E1E2-4EE9-9F5A-C6615168B91B}.Debug|x64.Build.0 = Debug|x64
		{5C89CBD4-E1E2-4EE9-9F5A-C6615168B91B}.Debug|x86.ActiveCfg = Debug|Win32
		{5C89CBD4-E1E2-4EE9-9F5A-C6615168B91B}.Debug|x86.Build.0 = Debug|Win32
		{5C89CBD4-E1E2-4EE9-9F5A-C6615168B91B}.Release|x64.ActiveCfg = Release|x64
		{5C89CBD4-E1E2-4EE9-9F5A-C6615168B91B}.Release|x64.Build.0 = Release|x64
		{5C89CBD4-E1E2-4EE9-9F5A-C6615168B91B}.Release|x86.ActiveCfg = Release|Win32
		{5C89CBD4-E1E2-4EE9-9F5A-C6615168B91B}.Release|x86.Build.0 = Release|Win32
	EndGlobalSection
	GlobalSection(SolutionProperties) = preSolution
		HideSolutionNode = FALSE
	EndGlobalSection
	GlobalSection(ExtensibilityGlobals) = postSolution
		SolutionGuid = {E9764B1F-F2B9-4471-8494-6C1D51E10B09}
	EndGlobalSection
EndGlobal
