
Microsoft Visual Studio Solution File, Format Version 11.00
# Visual Studio Version 16
Project("{8BC9CEB8-8B4A-11D0-8D11-00A0C91BC942}") = "3d", "3d.vcxproj", "{7D8D7CCE-5E54-44DE-B65B-D865ABA53AF0}"
EndProject
Project("{8BC9CEB8-8B4A-11D0-8D11-00A0C91BC942}") = "3d_multi", "3d_multi.vcxproj", "{F5A48722-6258-4A3B-8AB1-E4E4DB620ED1}"
EndProject
Project("{8BC9CEB8-8B4A-11D0-8D11-00A0C91BC942}") = "event_parameter", "event_parameter.vcxproj", "{E36EBC74-957B-47C8-B60B-BC04728D3735}"
EndProject
Project("{8BC9CEB8-8B4A-11D0-8D11-00A0C91BC942}") = "load_banks", "load_banks.vcxproj", "{E71D5BDD-3ECE-453A-B7F6-CEA98DFF9A9B}"
EndProject
Project("{8BC9CEB8-8B4A-11D0-8D11-00A0C91BC942}") = "music_callbacks", "music_callbacks.vcxproj", "{BDA82F82-DB14-4B2C-B93F-21DEAF906D17}"
EndProject
Project("{8BC9CEB8-8B4A-11D0-8D11-00A0C91BC942}") = "objectpan", "objectpan.vcxproj", "{EBA289CE-9D1C-494B-A05E-DEB81D26A353}"
EndProject
Project("{8BC9CEB8-8B4A-11D0-8D11-00A0C91BC942}") = "programmer_sound", "programmer_sound.vcxproj", "{A682C920-A25E-43C0-8274-FCCC0D734759}"
EndProject
Project("{8BC9CEB8-8B4A-11D0-8D11-00A0C91BC942}") = "recording_playback", "recording_playback.vcxproj", "{584B6CC5-64A5-4661-80BE-D13A6B52E67C}"
EndProject
Project("{8BC9CEB8-8B4A-11D0-8D11-00A0C91BC942}") = "simple_event", "simple_event.vcxproj", "{90D448C2-11A8-4C48-844F-E2DEE4A1FB03}"
EndProject
Global
	GlobalSection(SolutionConfigurationPlatforms) = preSolution
		Debug|Win32 = Debug|Win32
		Debug|x64 = Debug|x64
		Release|Win32 = Release|Win32
		Release|x64 = Release|x64
	EndGlobalSection
	GlobalSection(ProjectConfigurationPlatforms) = postSolution
		{7D8D7CCE-5E54-44DE-B65B-D865ABA53AF0}.Debug|Win32.ActiveCfg = Debug|Win32
		{7D8D7CCE-5E54-44DE-B65B-D865ABA53AF0}.Debug|Win32.Build.0 = Debug|Win32
		{7D8D7CCE-5E54-44DE-B65B-D865ABA53AF0}.Debug|Win32.Deploy.0 = Debug|Win32
		{7D8D7CCE-5E54-44DE-B65B-D865ABA53AF0}.Debug|x64.ActiveCfg = Debug|x64
		{7D8D7CCE-5E54-44DE-B65B-D865ABA53AF0}.Debug|x64.Build.0 = Debug|x64
		{7D8D7CCE-5E54-44DE-B65B-D865ABA53AF0}.Debug|x64.Deploy.0 = Debug|x64
		{7D8D7CCE-5E54-44DE-B65B-D865ABA53AF0}.Release|Win32.ActiveCfg = Release|Win32
		{7D8D7CCE-5E54-44DE-B65B-D865ABA53AF0}.Release|Win32.Build.0 = Release|Win32
		{7D8D7CCE-5E54-44DE-B65B-D865ABA53AF0}.Release|Win32.Deploy.0 = Release|Win32
		{7D8D7CCE-5E54-44DE-B65B-D865ABA53AF0}.Release|x64.ActiveCfg = Release|x64
		{7D8D7CCE-5E54-44DE-B65B-D865ABA53AF0}.Release|x64.Build.0 = Release|x64
		{7D8D7CCE-5E54-44DE-B65B-D865ABA53AF0}.Release|x64.Deploy.0 = Release|x64
		{F5A48722-6258-4A3B-8AB1-E4E4DB620ED1}.Debug|Win32.ActiveCfg = Debug|Win32
		{F5A48722-6258-4A3B-8AB1-E4E4DB620ED1}.Debug|Win32.Build.0 = Debug|Win32
		{F5A48722-6258-4A3B-8AB1-E4E4DB620ED1}.Debug|Win32.Deploy.0 = Debug|Win32
		{F5A48722-6258-4A3B-8AB1-E4E4DB620ED1}.Debug|x64.ActiveCfg = Debug|x64
		{F5A48722-6258-4A3B-8AB1-E4E4DB620ED1}.Debug|x64.Build.0 = Debug|x64
		{F5A48722-6258-4A3B-8AB1-E4E4DB620ED1}.Debug|x64.Deploy.0 = Debug|x64
		{F5A48722-6258-4A3B-8AB1-E4E4DB620ED1}.Release|Win32.ActiveCfg = Release|Win32
		{F5A48722-6258-4A3B-8AB1-E4E4DB620ED1}.Release|Win32.Build.0 = Release|Win32
		{F5A48722-6258-4A3B-8AB1-E4E4DB620ED1}.Release|Win32.Deploy.0 = Release|Win32
		{F5A48722-6258-4A3B-8AB1-E4E4DB620ED1}.Release|x64.ActiveCfg = Release|x64
		{F5A48722-6258-4A3B-8AB1-E4E4DB620ED1}.Release|x64.Build.0 = Release|x64
		{F5A48722-6258-4A3B-8AB1-E4E4DB620ED1}.Release|x64.Deploy.0 = Release|x64
		{E36EBC74-957B-47C8-B60B-BC04728D3735}.Debug|Win32.ActiveCfg = Debug|Win32
		{E36EBC74-957B-47C8-B60B-BC04728D3735}.Debug|Win32.Build.0 = Debug|Win32
		{E36EBC74-957B-47C8-B60B-BC04728D3735}.Debug|Win32.Deploy.0 = Debug|Win32
		{E36EBC74-957B-47C8-B60B-BC04728D3735}.Debug|x64.ActiveCfg = Debug|x64
		{E36EBC74-957B-47C8-B60B-BC04728D3735}.Debug|x64.Build.0 = Debug|x64
		{E36EBC74-957B-47C8-B60B-BC04728D3735}.Debug|x64.Deploy.0 = Debug|x64
		{E36EBC74-957B-47C8-B60B-BC04728D3735}.Release|Win32.ActiveCfg = Release|Win32
		{E36EBC74-957B-47C8-B60B-BC04728D3735}.Release|Win32.Build.0 = Release|Win32
		{E36EBC74-957B-47C8-B60B-BC04728D3735}.Release|Win32.Deploy.0 = Release|Win32
		{E36EBC74-957B-47C8-B60B-BC04728D3735}.Release|x64.ActiveCfg = Release|x64
		{E36EBC74-957B-47C8-B60B-BC04728D3735}.Release|x64.Build.0 = Release|x64
		{E36EBC74-957B-47C8-B60B-BC04728D3735}.Release|x64.Deploy.0 = Release|x64
		{E71D5BDD-3ECE-453A-B7F6-CEA98DFF9A9B}.Debug|Win32.ActiveCfg = Debug|Win32
		{E71D5BDD-3ECE-453A-B7F6-CEA98DFF9A9B}.Debug|Win32.Build.0 = Debug|Win32
		{E71D5BDD-3ECE-453A-B7F6-CEA98DFF9A9B}.Debug|Win32.Deploy.0 = Debug|Win32
		{E71D5BDD-3ECE-453A-B7F6-CEA98DFF9A9B}.Debug|x64.ActiveCfg = Debug|x64
		{E71D5BDD-3ECE-453A-B7F6-CEA98DFF9A9B}.Debug|x64.Build.0 = Debug|x64
		{E71D5BDD-3ECE-453A-B7F6-CEA98DFF9A9B}.Debug|x64.Deploy.0 = Debug|x64
		{E71D5BDD-3ECE-453A-B7F6-CEA98DFF9A9B}.Release|Win32.ActiveCfg = Release|Win32
		{E71D5BDD-3ECE-453A-B7F6-CEA98DFF9A9B}.Release|Win32.Build.0 = Release|Win32
		{E71D5BDD-3ECE-453A-B7F6-CEA98DFF9A9B}.Release|Win32.Deploy.0 = Release|Win32
		{E71D5BDD-3ECE-453A-B7F6-CEA98DFF9A9B}.Release|x64.ActiveCfg = Release|x64
		{E71D5BDD-3ECE-453A-B7F6-CEA98DFF9A9B}.Release|x64.Build.0 = Release|x64
		{E71D5BDD-3ECE-453A-B7F6-CEA98DFF9A9B}.Release|x64.Deploy.0 = Release|x64
		{BDA82F82-DB14-4B2C-B93F-21DEAF906D17}.Debug|Win32.ActiveCfg = Debug|Win32
		{BDA82F82-DB14-4B2C-B93F-21DEAF906D17}.Debug|Win32.Build.0 = Debug|Win32
		{BDA82F82-DB14-4B2C-B93F-21DEAF906D17}.Debug|Win32.Deploy.0 = Debug|Win32
		{BDA82F82-DB14-4B2C-B93F-21DEAF906D17}.Debug|x64.ActiveCfg = Debug|x64
		{BDA82F82-DB14-4B2C-B93F-21DEAF906D17}.Debug|x64.Build.0 = Debug|x64
		{BDA82F82-DB14-4B2C-B93F-21DEAF906D17}.Debug|x64.Deploy.0 = Debug|x64
		{BDA82F82-DB14-4B2C-B93F-21DEAF906D17}.Release|Win32.ActiveCfg = Release|Win32
		{BDA82F82-DB14-4B2C-B93F-21DEAF906D17}.Release|Win32.Build.0 = Release|Win32
		{BDA82F82-DB14-4B2C-B93F-21DEAF906D17}.Release|Win32.Deploy.0 = Release|Win32
		{BDA82F82-DB14-4B2C-B93F-21DEAF906D17}.Release|x64.ActiveCfg = Release|x64
		{BDA82F82-DB14-4B2C-B93F-21DEAF906D17}.Release|x64.Build.0 = Release|x64
		{BDA82F82-DB14-4B2C-B93F-21DEAF906D17}.Release|x64.Deploy.0 = Release|x64
		{EBA289CE-9D1C-494B-A05E-DEB81D26A353}.Debug|Win32.ActiveCfg = Debug|Win32
		{EBA289CE-9D1C-494B-A05E-DEB81D26A353}.Debug|Win32.Build.0 = Debug|Win32
		{EBA289CE-9D1C-494B-A05E-DEB81D26A353}.Debug|Win32.Deploy.0 = Debug|Win32
		{EBA289CE-9D1C-494B-A05E-DEB81D26A353}.Debug|x64.ActiveCfg = Debug|x64
		{EBA289CE-9D1C-494B-A05E-DEB81D26A353}.Debug|x64.Build.0 = Debug|x64
		{EBA289CE-9D1C-494B-A05E-DEB81D26A353}.Debug|x64.Deploy.0 = Debug|x64
		{EBA289CE-9D1C-494B-A05E-DEB81D26A353}.Release|Win32.ActiveCfg = Release|Win32
		{EBA289CE-9D1C-494B-A05E-DEB81D26A353}.Release|Win32.Build.0 = Release|Win32
		{EBA289CE-9D1C-494B-A05E-DEB81D26A353}.Release|Win32.Deploy.0 = Release|Win32
		{EBA289CE-9D1C-494B-A05E-DEB81D26A353}.Release|x64.ActiveCfg = Release|x64
		{EBA289CE-9D1C-494B-A05E-DEB81D26A353}.Release|x64.Build.0 = Release|x64
		{EBA289CE-9D1C-494B-A05E-DEB81D26A353}.Release|x64.Deploy.0 = Release|x64
		{A682C920-A25E-43C0-8274-FCCC0D734759}.Debug|Win32.ActiveCfg = Debug|Win32
		{A682C920-A25E-43C0-8274-FCCC0D734759}.Debug|Win32.Build.0 = Debug|Win32
		{A682C920-A25E-43C0-8274-FCCC0D734759}.Debug|Win32.Deploy.0 = Debug|Win32
		{A682C920-A25E-43C0-8274-FCCC0D734759}.Debug|x64.ActiveCfg = Debug|x64
		{A682C920-A25E-43C0-8274-FCCC0D734759}.Debug|x64.Build.0 = Debug|x64
		{A682C920-A25E-43C0-8274-FCCC0D734759}.Debug|x64.Deploy.0 = Debug|x64
		{A682C920-A25E-43C0-8274-FCCC0D734759}.Release|Win32.ActiveCfg = Release|Win32
		{A682C920-A25E-43C0-8274-FCCC0D734759}.Release|Win32.Build.0 = Release|Win32
		{A682C920-A25E-43C0-8274-FCCC0D734759}.Release|Win32.Deploy.0 = Release|Win32
		{A682C920-A25E-43C0-8274-FCCC0D734759}.Release|x64.ActiveCfg = Release|x64
		{A682C920-A25E-43C0-8274-FCCC0D734759}.Release|x64.Build.0 = Release|x64
		{A682C920-A25E-43C0-8274-FCCC0D734759}.Release|x64.Deploy.0 = Release|x64
		{584B6CC5-64A5-4661-80BE-D13A6B52E67C}.Debug|Win32.ActiveCfg = Debug|Win32
		{584B6CC5-64A5-4661-80BE-D13A6B52E67C}.Debug|Win32.Build.0 = Debug|Win32
		{584B6CC5-64A5-4661-80BE-D13A6B52E67C}.Debug|Win32.Deploy.0 = Debug|Win32
		{584B6CC5-64A5-4661-80BE-D13A6B52E67C}.Debug|x64.ActiveCfg = Debug|x64
		{584B6CC5-64A5-4661-80BE-D13A6B52E67C}.Debug|x64.Build.0 = Debug|x64
		{584B6CC5-64A5-4661-80BE-D13A6B52E67C}.Debug|x64.Deploy.0 = Debug|x64
		{584B6CC5-64A5-4661-80BE-D13A6B52E67C}.Release|Win32.ActiveCfg = Release|Win32
		{584B6CC5-64A5-4661-80BE-D13A6B52E67C}.Release|Win32.Build.0 = Release|Win32
		{584B6CC5-64A5-4661-80BE-D13A6B52E67C}.Release|Win32.Deploy.0 = Release|Win32
		{584B6CC5-64A5-4661-80BE-D13A6B52E67C}.Release|x64.ActiveCfg = Release|x64
		{584B6CC5-64A5-4661-80BE-D13A6B52E67C}.Release|x64.Build.0 = Release|x64
		{584B6CC5-64A5-4661-80BE-D13A6B52E67C}.Release|x64.Deploy.0 = Release|x64
		{90D448C2-11A8-4C48-844F-E2DEE4A1FB03}.Debug|Win32.ActiveCfg = Debug|Win32
		{90D448C2-11A8-4C48-844F-E2DEE4A1FB03}.Debug|Win32.Build.0 = Debug|Win32
		{90D448C2-11A8-4C48-844F-E2DEE4A1FB03}.Debug|Win32.Deploy.0 = Debug|Win32
		{90D448C2-11A8-4C48-844F-E2DEE4A1FB03}.Debug|x64.ActiveCfg = Debug|x64
		{90D448C2-11A8-4C48-844F-E2DEE4A1FB03}.Debug|x64.Build.0 = Debug|x64
		{90D448C2-11A8-4C48-844F-E2DEE4A1FB03}.Debug|x64.Deploy.0 = Debug|x64
		{90D448C2-11A8-4C48-844F-E2DEE4A1FB03}.Release|Win32.ActiveCfg = Release|Win32
		{90D448C2-11A8-4C48-844F-E2DEE4A1FB03}.Release|Win32.Build.0 = Release|Win32
		{90D448C2-11A8-4C48-844F-E2DEE4A1FB03}.Release|Win32.Deploy.0 = Release|Win32
		{90D448C2-11A8-4C48-844F-E2DEE4A1FB03}.Release|x64.ActiveCfg = Release|x64
		{90D448C2-11A8-4C48-844F-E2DEE4A1FB03}.Release|x64.Build.0 = Release|x64
		{90D448C2-11A8-4C48-844F-E2DEE4A1FB03}.Release|x64.Deploy.0 = Release|x64
	EndGlobalSection
	GlobalSection(SolutionProperties) = preSolution
		HideSolutionNode = FALSE
	EndGlobalSection
EndGlobal
