
Microsoft Visual Studio Solution File, Format Version 11.00
# Visual Studio 15
Project("{8BC9CEB8-8B4A-11D0-8D11-00A0C91BC942}") = "3d", "3d.vcxproj", "{7C180429-055D-4422-A967-635F37C94FDF}"
EndProject
Project("{8BC9CEB8-8B4A-11D0-8D11-00A0C91BC942}") = "3d_multi", "3d_multi.vcxproj", "{4B28C0D4-F310-4E73-8948-BC79212F8415}"
EndProject
Project("{8BC9CEB8-8B4A-11D0-8D11-00A0C91BC942}") = "event_parameter", "event_parameter.vcxproj", "{2A48D5A1-F349-4489-B623-B9B67C3ACF60}"
EndProject
Project("{8BC9CEB8-8B4A-11D0-8D11-00A0C91BC942}") = "load_banks", "load_banks.vcxproj", "{AC6DFDEC-BD22-4BBA-8E47-E48FC3F3F5CA}"
EndProject
Project("{8BC9CEB8-8B4A-11D0-8D11-00A0C91BC942}") = "music_callbacks", "music_callbacks.vcxproj", "{9AAFA66A-53E6-41FE-A3AE-C664507C7A1F}"
EndProject
Project("{8BC9CEB8-8B4A-11D0-8D11-00A0C91BC942}") = "objectpan", "objectpan.vcxproj", "{F5033D3B-763D-4240-B543-91D4BB93CDEF}"
EndProject
Project("{8BC9CEB8-8B4A-11D0-8D11-00A0C91BC942}") = "programmer_sound", "programmer_sound.vcxproj", "{4343C849-AEE0-47B9-8232-BBA7788F475B}"
EndProject
Project("{8BC9CEB8-8B4A-11D0-8D11-00A0C91BC942}") = "recording_playback", "recording_playback.vcxproj", "{6F07039F-C947-4AD1-BA65-D9A2FF48B245}"
EndProject
Project("{8BC9CEB8-8B4A-11D0-8D11-00A0C91BC942}") = "simple_event", "simple_event.vcxproj", "{A48A0293-C68D-4033-B1B4-A4EDF6CD2C94}"
EndProject
Global
	GlobalSection(SolutionConfigurationPlatforms) = preSolution
		Debug|Win32 = Debug|Win32
		Debug|x64 = Debug|x64
		Release|Win32 = Release|Win32
		Release|x64 = Release|x64
	EndGlobalSection
	GlobalSection(ProjectConfigurationPlatforms) = postSolution
		{7C180429-055D-4422-A967-635F37C94FDF}.Debug|Win32.ActiveCfg = Debug|Win32
		{7C180429-055D-4422-A967-635F37C94FDF}.Debug|Win32.Build.0 = Debug|Win32
		{7C180429-055D-4422-A967-635F37C94FDF}.Debug|Win32.Deploy.0 = Debug|Win32
		{7C180429-055D-4422-A967-635F37C94FDF}.Debug|x64.ActiveCfg = Debug|x64
		{7C180429-055D-4422-A967-635F37C94FDF}.Debug|x64.Build.0 = Debug|x64
		{7C180429-055D-4422-A967-635F37C94FDF}.Debug|x64.Deploy.0 = Debug|x64
		{7C180429-055D-4422-A967-635F37C94FDF}.Release|Win32.ActiveCfg = Release|Win32
		{7C180429-055D-4422-A967-635F37C94FDF}.Release|Win32.Build.0 = Release|Win32
		{7C180429-055D-4422-A967-635F37C94FDF}.Release|Win32.Deploy.0 = Release|Win32
		{7C180429-055D-4422-A967-635F37C94FDF}.Release|x64.ActiveCfg = Release|x64
		{7C180429-055D-4422-A967-635F37C94FDF}.Release|x64.Build.0 = Release|x64
		{7C180429-055D-4422-A967-635F37C94FDF}.Release|x64.Deploy.0 = Release|x64
		{4B28C0D4-F310-4E73-8948-BC79212F8415}.Debug|Win32.ActiveCfg = Debug|Win32
		{4B28C0D4-F310-4E73-8948-BC79212F8415}.Debug|Win32.Build.0 = Debug|Win32
		{4B28C0D4-F310-4E73-8948-BC79212F8415}.Debug|Win32.Deploy.0 = Debug|Win32
		{4B28C0D4-F310-4E73-8948-BC79212F8415}.Debug|x64.ActiveCfg = Debug|x64
		{4B28C0D4-F310-4E73-8948-BC79212F8415}.Debug|x64.Build.0 = Debug|x64
		{4B28C0D4-F310-4E73-8948-BC79212F8415}.Debug|x64.Deploy.0 = Debug|x64
		{4B28C0D4-F310-4E73-8948-BC79212F8415}.Release|Win32.ActiveCfg = Release|Win32
		{4B28C0D4-F310-4E73-8948-BC79212F8415}.Release|Win32.Build.0 = Release|Win32
		{4B28C0D4-F310-4E73-8948-BC79212F8415}.Release|Win32.Deploy.0 = Release|Win32
		{4B28C0D4-F310-4E73-8948-BC79212F8415}.Release|x64.ActiveCfg = Release|x64
		{4B28C0D4-F310-4E73-8948-BC79212F8415}.Release|x64.Build.0 = Release|x64
		{4B28C0D4-F310-4E73-8948-BC79212F8415}.Release|x64.Deploy.0 = Release|x64
		{2A48D5A1-F349-4489-B623-B9B67C3ACF60}.Debug|Win32.ActiveCfg = Debug|Win32
		{2A48D5A1-F349-4489-B623-B9B67C3ACF60}.Debug|Win32.Build.0 = Debug|Win32
		{2A48D5A1-F349-4489-B623-B9B67C3ACF60}.Debug|Win32.Deploy.0 = Debug|Win32
		{2A48D5A1-F349-4489-B623-B9B67C3ACF60}.Debug|x64.ActiveCfg = Debug|x64
		{2A48D5A1-F349-4489-B623-B9B67C3ACF60}.Debug|x64.Build.0 = Debug|x64
		{2A48D5A1-F349-4489-B623-B9B67C3ACF60}.Debug|x64.Deploy.0 = Debug|x64
		{2A48D5A1-F349-4489-B623-B9B67C3ACF60}.Release|Win32.ActiveCfg = Release|Win32
		{2A48D5A1-F349-4489-B623-B9B67C3ACF60}.Release|Win32.Build.0 = Release|Win32
		{2A48D5A1-F349-4489-B623-B9B67C3ACF60}.Release|Win32.Deploy.0 = Release|Win32
		{2A48D5A1-F349-4489-B623-B9B67C3ACF60}.Release|x64.ActiveCfg = Release|x64
		{2A48D5A1-F349-4489-B623-B9B67C3ACF60}.Release|x64.Build.0 = Release|x64
		{2A48D5A1-F349-4489-B623-B9B67C3ACF60}.Release|x64.Deploy.0 = Release|x64
		{AC6DFDEC-BD22-4BBA-8E47-E48FC3F3F5CA}.Debug|Win32.ActiveCfg = Debug|Win32
		{AC6DFDEC-BD22-4BBA-8E47-E48FC3F3F5CA}.Debug|Win32.Build.0 = Debug|Win32
		{AC6DFDEC-BD22-4BBA-8E47-E48FC3F3F5CA}.Debug|Win32.Deploy.0 = Debug|Win32
		{AC6DFDEC-BD22-4BBA-8E47-E48FC3F3F5CA}.Debug|x64.ActiveCfg = Debug|x64
		{AC6DFDEC-BD22-4BBA-8E47-E48FC3F3F5CA}.Debug|x64.Build.0 = Debug|x64
		{AC6DFDEC-BD22-4BBA-8E47-E48FC3F3F5CA}.Debug|x64.Deploy.0 = Debug|x64
		{AC6DFDEC-BD22-4BBA-8E47-E48FC3F3F5CA}.Release|Win32.ActiveCfg = Release|Win32
		{AC6DFDEC-BD22-4BBA-8E47-E48FC3F3F5CA}.Release|Win32.Build.0 = Release|Win32
		{AC6DFDEC-BD22-4BBA-8E47-E48FC3F3F5CA}.Release|Win32.Deploy.0 = Release|Win32
		{AC6DFDEC-BD22-4BBA-8E47-E48FC3F3F5CA}.Release|x64.ActiveCfg = Release|x64
		{AC6DFDEC-BD22-4BBA-8E47-E48FC3F3F5CA}.Release|x64.Build.0 = Release|x64
		{AC6DFDEC-BD22-4BBA-8E47-E48FC3F3F5CA}.Release|x64.Deploy.0 = Release|x64
		{9AAFA66A-53E6-41FE-A3AE-C664507C7A1F}.Debug|Win32.ActiveCfg = Debug|Win32
		{9AAFA66A-53E6-41FE-A3AE-C664507C7A1F}.Debug|Win32.Build.0 = Debug|Win32
		{9AAFA66A-53E6-41FE-A3AE-C664507C7A1F}.Debug|Win32.Deploy.0 = Debug|Win32
		{9AAFA66A-53E6-41FE-A3AE-C664507C7A1F}.Debug|x64.ActiveCfg = Debug|x64
		{9AAFA66A-53E6-41FE-A3AE-C664507C7A1F}.Debug|x64.Build.0 = Debug|x64
		{9AAFA66A-53E6-41FE-A3AE-C664507C7A1F}.Debug|x64.Deploy.0 = Debug|x64
		{9AAFA66A-53E6-41FE-A3AE-C664507C7A1F}.Release|Win32.ActiveCfg = Release|Win32
		{9AAFA66A-53E6-41FE-A3AE-C664507C7A1F}.Release|Win32.Build.0 = Release|Win32
		{9AAFA66A-53E6-41FE-A3AE-C664507C7A1F}.Release|Win32.Deploy.0 = Release|Win32
		{9AAFA66A-53E6-41FE-A3AE-C664507C7A1F}.Release|x64.ActiveCfg = Release|x64
		{9AAFA66A-53E6-41FE-A3AE-C664507C7A1F}.Release|x64.Build.0 = Release|x64
		{9AAFA66A-53E6-41FE-A3AE-C664507C7A1F}.Release|x64.Deploy.0 = Release|x64
		{F5033D3B-763D-4240-B543-91D4BB93CDEF}.Debug|Win32.ActiveCfg = Debug|Win32
		{F5033D3B-763D-4240-B543-91D4BB93CDEF}.Debug|Win32.Build.0 = Debug|Win32
		{F5033D3B-763D-4240-B543-91D4BB93CDEF}.Debug|Win32.Deploy.0 = Debug|Win32
		{F5033D3B-763D-4240-B543-91D4BB93CDEF}.Debug|x64.ActiveCfg = Debug|x64
		{F5033D3B-763D-4240-B543-91D4BB93CDEF}.Debug|x64.Build.0 = Debug|x64
		{F5033D3B-763D-4240-B543-91D4BB93CDEF}.Debug|x64.Deploy.0 = Debug|x64
		{F5033D3B-763D-4240-B543-91D4BB93CDEF}.Release|Win32.ActiveCfg = Release|Win32
		{F5033D3B-763D-4240-B543-91D4BB93CDEF}.Release|Win32.Build.0 = Release|Win32
		{F5033D3B-763D-4240-B543-91D4BB93CDEF}.Release|Win32.Deploy.0 = Release|Win32
		{F5033D3B-763D-4240-B543-91D4BB93CDEF}.Release|x64.ActiveCfg = Release|x64
		{F5033D3B-763D-4240-B543-91D4BB93CDEF}.Release|x64.Build.0 = Release|x64
		{F5033D3B-763D-4240-B543-91D4BB93CDEF}.Release|x64.Deploy.0 = Release|x64
		{4343C849-AEE0-47B9-8232-BBA7788F475B}.Debug|Win32.ActiveCfg = Debug|Win32
		{4343C849-AEE0-47B9-8232-BBA7788F475B}.Debug|Win32.Build.0 = Debug|Win32
		{4343C849-AEE0-47B9-8232-BBA7788F475B}.Debug|Win32.Deploy.0 = Debug|Win32
		{4343C849-AEE0-47B9-8232-BBA7788F475B}.Debug|x64.ActiveCfg = Debug|x64
		{4343C849-AEE0-47B9-8232-BBA7788F475B}.Debug|x64.Build.0 = Debug|x64
		{4343C849-AEE0-47B9-8232-BBA7788F475B}.Debug|x64.Deploy.0 = Debug|x64
		{4343C849-AEE0-47B9-8232-BBA7788F475B}.Release|Win32.ActiveCfg = Release|Win32
		{4343C849-AEE0-47B9-8232-BBA7788F475B}.Release|Win32.Build.0 = Release|Win32
		{4343C849-AEE0-47B9-8232-BBA7788F475B}.Release|Win32.Deploy.0 = Release|Win32
		{4343C849-AEE0-47B9-8232-BBA7788F475B}.Release|x64.ActiveCfg = Release|x64
		{4343C849-AEE0-47B9-8232-BBA7788F475B}.Release|x64.Build.0 = Release|x64
		{4343C849-AEE0-47B9-8232-BBA7788F475B}.Release|x64.Deploy.0 = Release|x64
		{6F07039F-C947-4AD1-BA65-D9A2FF48B245}.Debug|Win32.ActiveCfg = Debug|Win32
		{6F07039F-C947-4AD1-BA65-D9A2FF48B245}.Debug|Win32.Build.0 = Debug|Win32
		{6F07039F-C947-4AD1-BA65-D9A2FF48B245}.Debug|Win32.Deploy.0 = Debug|Win32
		{6F07039F-C947-4AD1-BA65-D9A2FF48B245}.Debug|x64.ActiveCfg = Debug|x64
		{6F07039F-C947-4AD1-BA65-D9A2FF48B245}.Debug|x64.Build.0 = Debug|x64
		{6F07039F-C947-4AD1-BA65-D9A2FF48B245}.Debug|x64.Deploy.0 = Debug|x64
		{6F07039F-C947-4AD1-BA65-D9A2FF48B245}.Release|Win32.ActiveCfg = Release|Win32
		{6F07039F-C947-4AD1-BA65-D9A2FF48B245}.Release|Win32.Build.0 = Release|Win32
		{6F07039F-C947-4AD1-BA65-D9A2FF48B245}.Release|Win32.Deploy.0 = Release|Win32
		{6F07039F-C947-4AD1-BA65-D9A2FF48B245}.Release|x64.ActiveCfg = Release|x64
		{6F07039F-C947-4AD1-BA65-D9A2FF48B245}.Release|x64.Build.0 = Release|x64
		{6F07039F-C947-4AD1-BA65-D9A2FF48B245}.Release|x64.Deploy.0 = Release|x64
		{A48A0293-C68D-4033-B1B4-A4EDF6CD2C94}.Debug|Win32.ActiveCfg = Debug|Win32
		{A48A0293-C68D-4033-B1B4-A4EDF6CD2C94}.Debug|Win32.Build.0 = Debug|Win32
		{A48A0293-C68D-4033-B1B4-A4EDF6CD2C94}.Debug|Win32.Deploy.0 = Debug|Win32
		{A48A0293-C68D-4033-B1B4-A4EDF6CD2C94}.Debug|x64.ActiveCfg = Debug|x64
		{A48A0293-C68D-4033-B1B4-A4EDF6CD2C94}.Debug|x64.Build.0 = Debug|x64
		{A48A0293-C68D-4033-B1B4-A4EDF6CD2C94}.Debug|x64.Deploy.0 = Debug|x64
		{A48A0293-C68D-4033-B1B4-A4EDF6CD2C94}.Release|Win32.ActiveCfg = Release|Win32
		{A48A0293-C68D-4033-B1B4-A4EDF6CD2C94}.Release|Win32.Build.0 = Release|Win32
		{A48A0293-C68D-4033-B1B4-A4EDF6CD2C94}.Release|Win32.Deploy.0 = Release|Win32
		{A48A0293-C68D-4033-B1B4-A4EDF6CD2C94}.Release|x64.ActiveCfg = Release|x64
		{A48A0293-C68D-4033-B1B4-A4EDF6CD2C94}.Release|x64.Build.0 = Release|x64
		{A48A0293-C68D-4033-B1B4-A4EDF6CD2C94}.Release|x64.Deploy.0 = Release|x64
	EndGlobalSection
	GlobalSection(SolutionProperties) = preSolution
		HideSolutionNode = FALSE
	EndGlobalSection
EndGlobal
